<?xml version="1.0" encoding="utf-8"?>
<Project ToolsVersion="4.0" xmlns="http://schemas.microsoft.com/developer/msbuild/2003">
  <ItemGroup>
    <Filter Include="Source Files">
      <UniqueIdentifier>{4FC737F1-C7A5-4376-A066-2A32D752A2FF}</UniqueIdentifier>
      <Extensions>cpp;c;cc;cxx;def;odl;idl;hpj;bat;asm;asmx</Extensions>
    </Filter>
    <Filter Include="Header Files">
      <UniqueIdentifier>{93995380-89BD-4b04-88EB-625FBE52EBFB}</UniqueIdentifier>
      <Extensions>h;hh;hpp;hxx;hm;inl;inc;xsd</Extensions>
    </Filter>
    <Filter Include="Resource Files">
      <UniqueIdentifier>{67DA6AB6-F800-4c08-8B7A-83BB121AAD01}</UniqueIdentifier>
      <Extensions>rc;ico;cur;bmp;dlg;rc2;rct;bin;rgs;gif;jpg;jpeg;jpe;resx;tiff;tif;png;wav;mfcribbon-ms</Extensions>
    </Filter>
    <Filter Include="Shader Files">
      <UniqueIdentifier>{1ef37ce3-ee4d-41c1-8416-60371abbe0dc}</UniqueIdentifier>
      <Extensions>hlsl;hlsli;fx;vs;gs;ps</Extensions>
    </Filter>
    <Filter Include="Dlls">
      <UniqueIdentifier>{465bf2f3-ac96-4143-a4c3-eb102a0621f0}</UniqueIdentifier>
      <Extensions>dll</Extensions>
    </Filter>
  </ItemGroup>
  <ItemGroup>
    <ClInclude Include="include\Camera.h">
      <Filter>Header Files</Filter>
    </ClInclude>
    <ClInclude Include="include\Component.h">
      <Filter>Header Files</Filter>
    </ClInclude>
    <ClInclude Include="include\DefaultTransform.h">
      <Filter>Header Files</Filter>
    </ClInclude>
    <ClInclude Include="include\DirectX.h">
      <Filter>Header Files</Filter>
    </ClInclude>
    <ClInclude Include="include\Engine.h">
      <Filter>Header Files</Filter>
    </ClInclude>
    <ClInclude Include="include\GameObject.h">
      <Filter>Header Files</Filter>
    </ClInclude>
    <ClInclude Include="include\IndexBuffer.h">
      <Filter>Header Files</Filter>
    </ClInclude>
    <ClInclude Include="include\Mesh.h">
      <Filter>Header Files</Filter>
    </ClInclude>
    <ClInclude Include="include\ObjectManager.h">
      <Filter>Header Files</Filter>
    </ClInclude>
    <ClInclude Include="include\PhysicsScene.h">
      <Filter>Header Files</Filter>
    </ClInclude>
    <ClInclude Include="include\PhysX.h">
      <Filter>Header Files</Filter>
    </ClInclude>
    <ClInclude Include="include\Renderer.h">
      <Filter>Header Files</Filter>
    </ClInclude>
    <ClInclude Include="include\Scene.h">
      <Filter>Header Files</Filter>
    </ClInclude>
    <ClInclude Include="include\Shader.h">
      <Filter>Header Files</Filter>
    </ClInclude>
    <ClInclude Include="include\TestScene.h">
      <Filter>Header Files</Filter>
    </ClInclude>
    <ClInclude Include="include\Transform.h">
      <Filter>Header Files</Filter>
    </ClInclude>
    <ClInclude Include="include\Vertex.h">
      <Filter>Header Files</Filter>
    </ClInclude>
    <ClInclude Include="include\VertexBuffer.h">
      <Filter>Header Files</Filter>
    </ClInclude>
    <ClInclude Include="include\VertexBufferBase.h">
      <Filter>Header Files</Filter>
    </ClInclude>
    <ClInclude Include="include\MeshRenderer.h">
      <Filter>Header Files</Filter>
    </ClInclude>
    <ClInclude Include="include\PhysicsTransform.h">
      <Filter>Header Files</Filter>
    </ClInclude>
    <ClInclude Include="include\Block.h">
      <Filter>Header Files</Filter>
    </ClInclude>
    <ClInclude Include="include\utility.h">
      <Filter>Header Files</Filter>
    </ClInclude>
    <ClInclude Include="include\Light.h">
      <Filter>Header Files</Filter>
    </ClInclude>
  </ItemGroup>
  <ItemGroup>
    <ClCompile Include="src\Camera.cpp">
      <Filter>Source Files</Filter>
    </ClCompile>
    <ClCompile Include="src\Component.cpp">
      <Filter>Source Files</Filter>
    </ClCompile>
    <ClCompile Include="src\Engine.cpp">
      <Filter>Source Files</Filter>
    </ClCompile>
    <ClCompile Include="src\GameObject.cpp">
      <Filter>Source Files</Filter>
    </ClCompile>
    <ClCompile Include="src\IndexBuffer.cpp">
      <Filter>Source Files</Filter>
    </ClCompile>
    <ClCompile Include="src\Jenga.cpp">
      <Filter>Source Files</Filter>
    </ClCompile>
    <ClCompile Include="src\Mesh.cpp">
      <Filter>Source Files</Filter>
    </ClCompile>
    <ClCompile Include="src\ObjectManager.cpp">
      <Filter>Source Files</Filter>
    </ClCompile>
    <ClCompile Include="src\PhysicsScene.cpp">
      <Filter>Source Files</Filter>
    </ClCompile>
    <ClCompile Include="src\Scene.cpp">
      <Filter>Source Files</Filter>
    </ClCompile>
    <ClCompile Include="src\Shader.cpp">
      <Filter>Source Files</Filter>
    </ClCompile>
    <ClCompile Include="src\TestScene.cpp">
      <Filter>Source Files</Filter>
    </ClCompile>
    <ClCompile Include="src\Vertex.cpp">
      <Filter>Source Files</Filter>
    </ClCompile>
    <ClCompile Include="src\VertexBufferBase.cpp">
      <Filter>Source Files</Filter>
    </ClCompile>
    <ClCompile Include="src\MeshRenderer.cpp">
      <Filter>Source Files</Filter>
    </ClCompile>
    <ClCompile Include="src\PhysicsTransform.cpp">
      <Filter>Source Files</Filter>
    </ClCompile>
    <ClCompile Include="src\Block.cpp">
      <Filter>Source Files</Filter>
    </ClCompile>
    <ClCompile Include="src\utility.cpp">
      <Filter>Source Files</Filter>
    </ClCompile>
    <ClCompile Include="src\DefaultTransform.cpp">
      <Filter>Source Files</Filter>
    </ClCompile>
  </ItemGroup>
  <ItemGroup>
    <FxCompile Include="shader\common.hlsli">
      <Filter>Shader Files</Filter>
    </FxCompile>
    <FxCompile Include="shader\Diffuse_vs.hlsl">
      <Filter>Shader Files</Filter>
    </FxCompile>
    <FxCompile Include="shader\VertexColor_vs.hlsl">
      <Filter>Shader Files</Filter>
    </FxCompile>
    <FxCompile Include="shader\VertexColor_ps.hlsl">
      <Filter>Shader Files</Filter>
    </FxCompile>
  </ItemGroup>
  <ItemGroup>
    <None Include="bin\nvToolsExt32_1.dll">
      <Filter>Dlls</Filter>
    </None>
    <None Include="bin\PhysX3_x86.dll">
      <Filter>Dlls</Filter>
    </None>
    <None Include="bin\PhysX3Common_x86.dll">
      <Filter>Dlls</Filter>
    </None>
    <None Include="bin\PhysX3CommonDEBUG_x86.dll">
      <Filter>Dlls</Filter>
    </None>
    <None Include="bin\PhysX3DEBUG_x86.dll">
      <Filter>Dlls</Filter>
    </None>
    <None Include="bin\PhysX3Gpu_x86.dll">
      <Filter>Dlls</Filter>
    </None>
    <None Include="bin\PhysX3GpuDEBUG_x86.dll">
      <Filter>Dlls</Filter>
    </None>
    <None Include="shader\Diffuse_ps.hlsl">
      <Filter>Shader Files</Filter>
    </None>
    <None Include="shader\Diffuse.hlsli">
      <Filter>Shader Files</Filter>
    </None>
    <None Include="shader\VertexColor.hlsli">
      <Filter>Shader Files</Filter>
    </None>
  </ItemGroup>
</Project>